{
  "nodes": {
    "inline-rust": {
      "inputs": {
        "language-rust": "language-rust",
        "nixpkgs": [
          "nixpkgs"
        ]
      },
      "locked": {
        "lastModified": 1731077175,
        "narHash": "sha256-1/9Je6n0EwV5KIOqdlLJOqVTDPhAomGCc1u5z0WYm9w=",
        "owner": "ners",
        "repo": "inline-rust",
        "rev": "d8144087b6750b6cc62847795e6c80c789e59a5b",
        "type": "github"
      },
      "original": {
        "owner": "ners",
        "repo": "inline-rust",
        "type": "github"
      }
    },
    "language-rust": {
      "flake": false,
      "locked": {
        "lastModified": 1729283594,
        "narHash": "sha256-nVexe9Jrj0DtpjyPX+S2t/Op2iJyU1IRncW/BO8Ties=",
        "owner": "GaloisInc",
        "repo": "language-rust",
        "rev": "ae59c7355b2fbbe818c1fdd23894df6bfa0432e5",
        "type": "github"
      },
      "original": {
        "owner": "GaloisInc",
        "repo": "language-rust",
        "type": "github"
      }
    },
    "nixpkgs": {
      "locked": {
        "lastModified": 1730200266,
        "narHash": "sha256-l253w0XMT8nWHGXuXqyiIC/bMvh1VRszGXgdpQlfhvU=",
        "owner": "nixos",
        "repo": "nixpkgs",
        "rev": "807e9154dcb16384b1b765ebe9cd2bba2ac287fd",
        "type": "github"
      },
      "original": {
        "owner": "nixos",
        "ref": "nixos-unstable",
        "repo": "nixpkgs",
        "type": "github"
      }
    },
    "root": {
      "inputs": {
        "inline-rust": "inline-rust",
        "nixpkgs": "nixpkgs"
      }
    }
  },
  "root": "root",
  "version": 7
}
